
Microsoft Visual Studio Solution File, Format Version 12.00
# Visual Studio 15
VisualStudioVersion = 15.0.28307.645
MinimumVisualStudioVersion = 10.0.40219.1
Project("{FAE04EC0-301F-11D3-BF4B-00C04F79EFBC}") = "QuestRooms.DAL", "QuestRooms.DAL\QuestRooms.DAL.csproj", "{DF6D8A50-5DBD-4B52-9E10-AC50C9A6D98A}"
EndProject
Project("{FAE04EC0-301F-11D3-BF4B-00C04F79EFBC}") = "QuestRooms.BLL", "QuestRooms.BLL\QuestRooms.BLL.csproj", "{4F528D1E-9A51-4236-AAA0-C6C005EC5ABB}"
EndProject
Project("{FAE04EC0-301F-11D3-BF4B-00C04F79EFBC}") = "QuestRooms.UI", "QuestRooms.UI\QuestRooms.UI.csproj", "{C0024333-44C3-4B5F-A311-BB932AFDFAF2}"
EndProject
Global
	GlobalSection(SolutionConfigurationPlatforms) = preSolution
		Debug|Any CPU = Debug|Any CPU
		Release|Any CPU = Release|Any CPU
	EndGlobalSection
	GlobalSection(ProjectConfigurationPlatforms) = postSolution
		{DF6D8A50-5DBD-4B52-9E10-AC50C9A6D98A}.Debug|Any CPU.ActiveCfg = Debug|Any CPU
		{DF6D8A50-5DBD-4B52-9E10-AC50C9A6D98A}.Debug|Any CPU.Build.0 = Debug|Any CPU
		{DF6D8A50-5DBD-4B52-9E10-AC50C9A6D98A}.Release|Any CPU.ActiveCfg = Release|Any CPU
		{DF6D8A50-5DBD-4B52-9E10-AC50C9A6D98A}.Release|Any CPU.Build.0 = Release|Any CPU
		{4F528D1E-9A51-4236-AAA0-C6C005EC5ABB}.Debug|Any CPU.ActiveCfg = Debug|Any CPU
		{4F528D1E-9A51-4236-AAA0-C6C005EC5ABB}.Debug|Any CPU.Build.0 = Debug|Any CPU
		{4F528D1E-9A51-4236-AAA0-C6C005EC5ABB}.Release|Any CPU.ActiveCfg = Release|Any CPU
		{4F528D1E-9A51-4236-AAA0-C6C005EC5ABB}.Release|Any CPU.Build.0 = Release|Any CPU
		{C0024333-44C3-4B5F-A311-BB932AFDFAF2}.Debug|Any CPU.ActiveCfg = Debug|Any CPU
		{C0024333-44C3-4B5F-A311-BB932AFDFAF2}.Debug|Any CPU.Build.0 = Debug|Any CPU
		{C0024333-44C3-4B5F-A311-BB932AFDFAF2}.Release|Any CPU.ActiveCfg = Release|Any CPU
		{C0024333-44C3-4B5F-A311-BB932AFDFAF2}.Release|Any CPU.Build.0 = Release|Any CPU
	EndGlobalSection
	GlobalSection(SolutionProperties) = preSolution
		HideSolutionNode = FALSE
	EndGlobalSection
	GlobalSection(ExtensibilityGlobals) = postSolution
		SolutionGuid = {449D3EA5-FC59-477B-89B1-F4D138D627AE}
	EndGlobalSection
EndGlobal
